uuid: 5842434a-493a-4533-ba82-b760660e8371
langcode: en
status: true
dependencies:
  config:
    - field.storage.node.field_content_block
    - node.type.news
    - paragraphs.paragraphs_type.block_embed
    - paragraphs.paragraphs_type.block_embed_no_title
    - paragraphs.paragraphs_type.content_video
    - paragraphs.paragraphs_type.faq
    - paragraphs.paragraphs_type.looping_video
    - paragraphs.paragraphs_type.single_image_with_caption
    - paragraphs.paragraphs_type.slideshow
    - paragraphs.paragraphs_type.text
  module:
    - entity_reference_revisions
id: node.news.field_content_block
field_name: field_content_block
entity_type: node
bundle: news
label: 'Other Content'
description: ''
required: false
translatable: false
default_value: {  }
default_value_callback: ''
settings:
  handler_settings:
    negate: 0
    target_bundles:
      single_image_with_caption: single_image_with_caption
      faq: faq
      slideshow: slideshow
      text: text
      block_embed: block_embed
      content_video: content_video
      looping_video: looping_video
      block_embed_no_title: block_embed_no_title
    target_bundles_drag_drop:
      accordion:
        enabled: false
        weight: 76
      accordion_tabs:
        enabled: false
        weight: 2
      block_embed:
        enabled: true
        weight: 25
      block_embed_no_title:
        enabled: true
        weight: 43
      button_grid:
        enabled: false
        weight: 48
      button_item:
        enabled: false
        weight: 49
      callout:
        enabled: false
        weight: 50
      card_grid:
        enabled: false
        weight: 51
      card_item:
        enabled: false
        weight: 52
      card_item_blank:
        enabled: false
        weight: 53
      cell:
        enabled: false
        weight: 29
      class_session:
        enabled: false
        weight: 77
      collapsible_block:
        enabled: false
        weight: 4
      content_video:
        enabled: true
        weight: 31
      entity_list:
        enabled: false
        weight: 5
      faq:
        enabled: true
        weight: 6
      faq_item:
        enabled: false
        weight: 78
      flipbook_grid:
        enabled: false
        weight: -50
      flipbook_grid_item:
        enabled: false
        weight: -50
      grid:
        enabled: false
        weight: 34
      horizontal_single_tab:
        enabled: false
        weight: 79
      horizontal_tabs:
        enabled: false
        weight: -50
      hours:
        enabled: false
        weight: 80
      icon_card_item:
        enabled: false
        weight: 63
      image:
        enabled: false
        weight: 8
      image_collection:
        enabled: false
        weight: 81
      image_only:
        enabled: false
        weight: 9
      looping_video:
        enabled: true
        weight: 37
      menu_tabs:
        enabled: false
        weight: 82
      modal_media_gallery:
        enabled: false
        weight: -44
      multi_column_layout_text_:
        enabled: false
        weight: 68
      promotion_one:
        enabled: false
        weight: 83
      promotion_three:
        enabled: false
        weight: 84
      promotion_two:
        enabled: false
        weight: 85
      section:
        enabled: false
        weight: 39
      section_heading:
        enabled: false
        weight: 70
      single_image_with_caption:
        enabled: true
        weight: -28
      slideshow:
        enabled: true
        weight: 14
      slideshow_container:
        enabled: false
        weight: 86
      sponsors:
        enabled: false
        weight: 87
      sticky_anchor_menu:
        enabled: false
        weight: 73
      text:
        enabled: true
        weight: 15
      thumbnail_slideshow:
        enabled: false
        weight: 75
      time_slot:
        enabled: false
        weight: -44
      two_column_grid:
        enabled: false
        weight: 20
      two_columns:
        enabled: false
        weight: -76
      two_columns_40_60:
        enabled: false
        weight: 18
      two_columns_equal:
        enabled: false
        weight: 19
      view_embed:
        enabled: false
        weight: 22
      webcam_embed:
        enabled: false
        weight: -76
  handler: 'default:paragraph'
field_type: entity_reference_revisions
